// !$*UTF8*$!
{
	archiveVersion = 1;
	classes = {
	};
	objectVersion = 46;
	objects = {

/* Begin PBXBuildFile section */
		AE05C60316C246DF00A7B9D9 /* MLNSampleChannel.m in Sources */ = {isa = PBXBuildFile; fileRef = AE05C60216C246DF00A7B9D9 /* MLNSampleChannel.m */; };
		AE071B89172B542A0089278E /* MLNPasteboardSampleData.m in Sources */ = {isa = PBXBuildFile; fileRef = AE071B88172B542A0089278E /* MLNPasteboardSampleData.m */; };
		AE1A2F671833CDC10012E510 /* MLNMarker.m in Sources */ = {isa = PBXBuildFile; fileRef = AE1A2F661833CDC10012E510 /* MLNMarker.m */; };
		AE24E45B17E1D14F00B67469 /* MLNProgressViewController.m in Sources */ = {isa = PBXBuildFile; fileRef = AE24E45917E1D14F00B67469 /* MLNProgressViewController.m */; };
		AE24E45C17E1D14F00B67469 /* MLNProgressViewController.xib in Resources */ = {isa = PBXBuildFile; fileRef = AE24E45A17E1D14F00B67469 /* MLNProgressViewController.xib */; };
		AE24E45F17E221C400B67469 /* auto-version.pl in Resources */ = {isa = PBXBuildFile; fileRef = AE24E45E17E221C400B67469 /* auto-version.pl */; };
		AE298D7A16F7CC720031334A /* DDAbstractDatabaseLogger.m in Sources */ = {isa = PBXBuildFile; fileRef = AE298D6B16F7CC720031334A /* DDAbstractDatabaseLogger.m */; };
		AE298D7B16F7CC720031334A /* DDASLLogger.m in Sources */ = {isa = PBXBuildFile; fileRef = AE298D6D16F7CC720031334A /* DDASLLogger.m */; };
		AE298D7C16F7CC720031334A /* DDFileLogger.m in Sources */ = {isa = PBXBuildFile; fileRef = AE298D6F16F7CC720031334A /* DDFileLogger.m */; };
		AE298D7D16F7CC720031334A /* DDLog.m in Sources */ = {isa = PBXBuildFile; fileRef = AE298D7116F7CC720031334A /* DDLog.m */; };
		AE298D7E16F7CC720031334A /* DDTTYLogger.m in Sources */ = {isa = PBXBuildFile; fileRef = AE298D7316F7CC720031334A /* DDTTYLogger.m */; };
		AE298D7F16F7CC720031334A /* ContextFilterLogFormatter.m in Sources */ = {isa = PBXBuildFile; fileRef = AE298D7616F7CC720031334A /* ContextFilterLogFormatter.m */; };
		AE298D8016F7CC720031334A /* DispatchQueueLogFormatter.m in Sources */ = {isa = PBXBuildFile; fileRef = AE298D7816F7CC720031334A /* DispatchQueueLogFormatter.m */; };
		AE298D8116F7CC720031334A /* README.txt in Resources */ = {isa = PBXBuildFile; fileRef = AE298D7916F7CC720031334A /* README.txt */; };
		AE2E4437172333B8005463FB /* MLNCacheFile.m in Sources */ = {isa = PBXBuildFile; fileRef = AE2E4436172333B8005463FB /* MLNCacheFile.m */; };
		AE31A9C916F146ED0051CF41 /* MLNSample+Operations.m in Sources */ = {isa = PBXBuildFile; fileRef = AE31A9C816F146ED0051CF41 /* MLNSample+Operations.m */; };
		AE47540917FDD51E001105F8 /* utils.m in Sources */ = {isa = PBXBuildFile; fileRef = AE47540817FDD51E001105F8 /* utils.m */; };
		AE48B5B0184554C800F5642E /* MLNMarkerHandler.m in Sources */ = {isa = PBXBuildFile; fileRef = AE48B5AF184554C800F5642E /* MLNMarkerHandler.m */; };
		AE57CA4B170F73250043E690 /* MLNSelectionButton.m in Sources */ = {isa = PBXBuildFile; fileRef = AE57CA4A170F73250043E690 /* MLNSelectionButton.m */; };
		AE57CA4E171040AE0043E690 /* MLNSelectionToolbar.m in Sources */ = {isa = PBXBuildFile; fileRef = AE57CA4D171040AE0043E690 /* MLNSelectionToolbar.m */; };
		AE57CA511710EB0A0043E690 /* MLNSelectionAction.m in Sources */ = {isa = PBXBuildFile; fileRef = AE57CA501710EB0A0043E690 /* MLNSelectionAction.m */; };
		AE5AB6CD16EA2DE0008D0AE4 /* MLNSample+Drawing.m in Sources */ = {isa = PBXBuildFile; fileRef = AE5AB6CC16EA2DE0008D0AE4 /* MLNSample+Drawing.m */; };
		AE6A0F3C16BD1F1900362CC4 /* MLNSampleBlock.m in Sources */ = {isa = PBXBuildFile; fileRef = AE6A0F3B16BD1F1900362CC4 /* MLNSampleBlock.m */; };
		AE6FB1D816B8FF6E00139735 /* Constants.m in Sources */ = {isa = PBXBuildFile; fileRef = AE6FB1D716B8FF6E00139735 /* Constants.m */; };
		AE6FB1DB16B9C57900139735 /* MLNSampleView.m in Sources */ = {isa = PBXBuildFile; fileRef = AE6FB1DA16B9C57900139735 /* MLNSampleView.m */; };
		AE7254B2171B7EAC00B48145 /* SenTestingKit.framework in Frameworks */ = {isa = PBXBuildFile; fileRef = AE7254B1171B7EAC00B48145 /* SenTestingKit.framework */; };
		AE7254B3171B7EAC00B48145 /* Cocoa.framework in Frameworks */ = {isa = PBXBuildFile; fileRef = AECDE7C116B7C0C300DE94D5 /* Cocoa.framework */; };
		AE7254B9171B7EAC00B48145 /* InfoPlist.strings in Resources */ = {isa = PBXBuildFile; fileRef = AE7254B7171B7EAC00B48145 /* InfoPlist.strings */; };
		AE7254BC171B7EAC00B48145 /* MLNSampleTests.m in Sources */ = {isa = PBXBuildFile; fileRef = AE7254BB171B7EAC00B48145 /* MLNSampleTests.m */; };
		AE7254E6171E197D00B48145 /* MLNBlockTests.m in Sources */ = {isa = PBXBuildFile; fileRef = AE7254E5171E197D00B48145 /* MLNBlockTests.m */; };
		AE7254E9171F425700B48145 /* MLNChannelTests.m in Sources */ = {isa = PBXBuildFile; fileRef = AE7254E8171F425700B48145 /* MLNChannelTests.m */; };
		AE760C0B183910D700108327 /* MLNArrayController.m in Sources */ = {isa = PBXBuildFile; fileRef = AE760C0A183910D700108327 /* MLNArrayController.m */; };
		AEC19ACB17E141A700226CD9 /* Marlin.iconset in Resources */ = {isa = PBXBuildFile; fileRef = AEC19ACA17E141A700226CD9 /* Marlin.iconset */; };
		AECDE7C216B7C0C300DE94D5 /* Cocoa.framework in Frameworks */ = {isa = PBXBuildFile; fileRef = AECDE7C116B7C0C300DE94D5 /* Cocoa.framework */; };
		AECDE7CC16B7C0C300DE94D5 /* InfoPlist.strings in Resources */ = {isa = PBXBuildFile; fileRef = AECDE7CA16B7C0C300DE94D5 /* InfoPlist.strings */; };
		AECDE7CE16B7C0C300DE94D5 /* main.m in Sources */ = {isa = PBXBuildFile; fileRef = AECDE7CD16B7C0C300DE94D5 /* main.m */; };
		AECDE7D216B7C0C300DE94D5 /* Credits.rtf in Resources */ = {isa = PBXBuildFile; fileRef = AECDE7D016B7C0C300DE94D5 /* Credits.rtf */; };
		AECDE7D516B7C0C300DE94D5 /* MLNDocument.m in Sources */ = {isa = PBXBuildFile; fileRef = AECDE7D416B7C0C300DE94D5 /* MLNDocument.m */; };
		AECDE7D816B7C0C300DE94D5 /* MLNDocument.xib in Resources */ = {isa = PBXBuildFile; fileRef = AECDE7D616B7C0C300DE94D5 /* MLNDocument.xib */; };
		AECDE7DB16B7C0C300DE94D5 /* MainMenu.xib in Resources */ = {isa = PBXBuildFile; fileRef = AECDE7D916B7C0C300DE94D5 /* MainMenu.xib */; };
		AECDE7E316B7C26800DE94D5 /* MLNSample.m in Sources */ = {isa = PBXBuildFile; fileRef = AECDE7E216B7C26800DE94D5 /* MLNSample.m */; };
		AECDE7E516B7C3B900DE94D5 /* AudioToolbox.framework in Frameworks */ = {isa = PBXBuildFile; fileRef = AECDE7E416B7C3B900DE94D5 /* AudioToolbox.framework */; };
		AECDE7E816B7D59C00DE94D5 /* MLNLoadOperation.m in Sources */ = {isa = PBXBuildFile; fileRef = AECDE7E716B7D59C00DE94D5 /* MLNLoadOperation.m */; };
		AED56DCF16FD1D73005E2573 /* pa_ringbuffer.c in Sources */ = {isa = PBXBuildFile; fileRef = AED56DCD16FD1D73005E2573 /* pa_ringbuffer.c */; };
		AED56DD5170A5406005E2573 /* MLNOverviewBar.m in Sources */ = {isa = PBXBuildFile; fileRef = AED56DD4170A5406005E2573 /* MLNOverviewBar.m */; };
		AEDA842B16C88B7F001B2DD1 /* MLNApplicationDelegate.m in Sources */ = {isa = PBXBuildFile; fileRef = AEDA842A16C88B7F001B2DD1 /* MLNApplicationDelegate.m */; };
		AEDA843316C8D13E001B2DD1 /* MLNMMapRegion.m in Sources */ = {isa = PBXBuildFile; fileRef = AEDA843216C8D13E001B2DD1 /* MLNMMapRegion.m */; };
		AEEE3AA717EB115100578740 /* MLNExportableType.m in Sources */ = {isa = PBXBuildFile; fileRef = AEEE3AA617EB115100578740 /* MLNExportableType.m */; };
		AEEE3AAA17EB38BB00578740 /* MLNExportableTypeView.m in Sources */ = {isa = PBXBuildFile; fileRef = AEEE3AA917EB38BB00578740 /* MLNExportableTypeView.m */; };
		AEEE7E9F17E71B8700ECA24B /* MLNExportPanelController.xib in Resources */ = {isa = PBXBuildFile; fileRef = AEEE7E9D17E71B8700ECA24B /* MLNExportPanelController.xib */; };
		AEEE7EA217E725FA00ECA24B /* MLNExportPanelController.m in Sources */ = {isa = PBXBuildFile; fileRef = AEEE7EA117E725FA00ECA24B /* MLNExportPanelController.m */; };
		AEEE7EA617E7607F00ECA24B /* MLNExportOperation.m in Sources */ = {isa = PBXBuildFile; fileRef = AEEE7EA517E7607F00ECA24B /* MLNExportOperation.m */; };
		AEEE7EA917E7642F00ECA24B /* MLNOperation.m in Sources */ = {isa = PBXBuildFile; fileRef = AEEE7EA817E7642F00ECA24B /* MLNOperation.m */; };
/* End PBXBuildFile section */

/* Begin PBXContainerItemProxy section */
		AE7254E2171E08CF00B48145 /* PBXContainerItemProxy */ = {
			isa = PBXContainerItemProxy;
			containerPortal = AECDE7B416B7C0C300DE94D5 /* Project object */;
			proxyType = 1;
			remoteGlobalIDString = AECDE7BC16B7C0C300DE94D5;
			remoteInfo = Marlin;
		};
/* End PBXContainerItemProxy section */

/* Begin PBXFileReference section */
		AE05C60116C246DF00A7B9D9 /* MLNSampleChannel.h */ = {isa = PBXFileReference; fileEncoding = 4; lastKnownFileType = sourcecode.c.h; path = MLNSampleChannel.h; sourceTree = "<group>"; };
		AE05C60216C246DF00A7B9D9 /* MLNSampleChannel.m */ = {isa = PBXFileReference; fileEncoding = 4; lastKnownFileType = sourcecode.c.objc; path = MLNSampleChannel.m; sourceTree = "<group>"; };
		AE071B87172B542A0089278E /* MLNPasteboardSampleData.h */ = {isa = PBXFileReference; fileEncoding = 4; lastKnownFileType = sourcecode.c.h; path = MLNPasteboardSampleData.h; sourceTree = "<group>"; };
		AE071B88172B542A0089278E /* MLNPasteboardSampleData.m */ = {isa = PBXFileReference; fileEncoding = 4; lastKnownFileType = sourcecode.c.objc; path = MLNPasteboardSampleData.m; sourceTree = "<group>"; };
		AE1A2F651833CDC10012E510 /* MLNMarker.h */ = {isa = PBXFileReference; fileEncoding = 4; lastKnownFileType = sourcecode.c.h; path = MLNMarker.h; sourceTree = "<group>"; };
		AE1A2F661833CDC10012E510 /* MLNMarker.m */ = {isa = PBXFileReference; fileEncoding = 4; lastKnownFileType = sourcecode.c.objc; path = MLNMarker.m; sourceTree = "<group>"; };
		AE24E45817E1D14F00B67469 /* MLNProgressViewController.h */ = {isa = PBXFileReference; fileEncoding = 4; lastKnownFileType = sourcecode.c.h; path = MLNProgressViewController.h; sourceTree = "<group>"; };
		AE24E45917E1D14F00B67469 /* MLNProgressViewController.m */ = {isa = PBXFileReference; fileEncoding = 4; lastKnownFileType = sourcecode.c.objc; path = MLNProgressViewController.m; sourceTree = "<group>"; };
		AE24E45A17E1D14F00B67469 /* MLNProgressViewController.xib */ = {isa = PBXFileReference; fileEncoding = 4; lastKnownFileType = file.xib; path = MLNProgressViewController.xib; sourceTree = "<group>"; };
		AE24E45E17E221C400B67469 /* auto-version.pl */ = {isa = PBXFileReference; fileEncoding = 4; lastKnownFileType = text.script.perl; path = "auto-version.pl"; sourceTree = "<group>"; };
		AE298D6A16F7CC720031334A /* DDAbstractDatabaseLogger.h */ = {isa = PBXFileReference; fileEncoding = 4; lastKnownFileType = sourcecode.c.h; path = DDAbstractDatabaseLogger.h; sourceTree = "<group>"; };
		AE298D6B16F7CC720031334A /* DDAbstractDatabaseLogger.m */ = {isa = PBXFileReference; fileEncoding = 4; lastKnownFileType = sourcecode.c.objc; path = DDAbstractDatabaseLogger.m; sourceTree = "<group>"; };
		AE298D6C16F7CC720031334A /* DDASLLogger.h */ = {isa = PBXFileReference; fileEncoding = 4; lastKnownFileType = sourcecode.c.h; path = DDASLLogger.h; sourceTree = "<group>"; };
		AE298D6D16F7CC720031334A /* DDASLLogger.m */ = {isa = PBXFileReference; fileEncoding = 4; lastKnownFileType = sourcecode.c.objc; path = DDASLLogger.m; sourceTree = "<group>"; };
		AE298D6E16F7CC720031334A /* DDFileLogger.h */ = {isa = PBXFileReference; fileEncoding = 4; lastKnownFileType = sourcecode.c.h; path = DDFileLogger.h; sourceTree = "<group>"; };
		AE298D6F16F7CC720031334A /* DDFileLogger.m */ = {isa = PBXFileReference; fileEncoding = 4; lastKnownFileType = sourcecode.c.objc; path = DDFileLogger.m; sourceTree = "<group>"; };
		AE298D7016F7CC720031334A /* DDLog.h */ = {isa = PBXFileReference; fileEncoding = 4; lastKnownFileType = sourcecode.c.h; path = DDLog.h; sourceTree = "<group>"; };
		AE298D7116F7CC720031334A /* DDLog.m */ = {isa = PBXFileReference; fileEncoding = 4; lastKnownFileType = sourcecode.c.objc; path = DDLog.m; sourceTree = "<group>"; };
		AE298D7216F7CC720031334A /* DDTTYLogger.h */ = {isa = PBXFileReference; fileEncoding = 4; lastKnownFileType = sourcecode.c.h; path = DDTTYLogger.h; sourceTree = "<group>"; };
		AE298D7316F7CC720031334A /* DDTTYLogger.m */ = {isa = PBXFileReference; fileEncoding = 4; lastKnownFileType = sourcecode.c.objc; path = DDTTYLogger.m; sourceTree = "<group>"; };
		AE298D7516F7CC720031334A /* ContextFilterLogFormatter.h */ = {isa = PBXFileReference; fileEncoding = 4; lastKnownFileType = sourcecode.c.h; path = ContextFilterLogFormatter.h; sourceTree = "<group>"; };
		AE298D7616F7CC720031334A /* ContextFilterLogFormatter.m */ = {isa = PBXFileReference; fileEncoding = 4; lastKnownFileType = sourcecode.c.objc; path = ContextFilterLogFormatter.m; sourceTree = "<group>"; };
		AE298D7716F7CC720031334A /* DispatchQueueLogFormatter.h */ = {isa = PBXFileReference; fileEncoding = 4; lastKnownFileType = sourcecode.c.h; path = DispatchQueueLogFormatter.h; sourceTree = "<group>"; };
		AE298D7816F7CC720031334A /* DispatchQueueLogFormatter.m */ = {isa = PBXFileReference; fileEncoding = 4; lastKnownFileType = sourcecode.c.objc; path = DispatchQueueLogFormatter.m; sourceTree = "<group>"; };
		AE298D7916F7CC720031334A /* README.txt */ = {isa = PBXFileReference; fileEncoding = 4; lastKnownFileType = text; path = README.txt; sourceTree = "<group>"; };
		AE2E4435172333B8005463FB /* MLNCacheFile.h */ = {isa = PBXFileReference; fileEncoding = 4; lastKnownFileType = sourcecode.c.h; path = MLNCacheFile.h; sourceTree = "<group>"; };
		AE2E4436172333B8005463FB /* MLNCacheFile.m */ = {isa = PBXFileReference; fileEncoding = 4; lastKnownFileType = sourcecode.c.objc; path = MLNCacheFile.m; sourceTree = "<group>"; };
		AE31A9C716F146ED0051CF41 /* MLNSample+Operations.h */ = {isa = PBXFileReference; fileEncoding = 4; lastKnownFileType = sourcecode.c.h; path = "MLNSample+Operations.h"; sourceTree = "<group>"; };
		AE31A9C816F146ED0051CF41 /* MLNSample+Operations.m */ = {isa = PBXFileReference; fileEncoding = 4; lastKnownFileType = sourcecode.c.objc; path = "MLNSample+Operations.m"; sourceTree = "<group>"; };
		AE31A9CA16F28D3E0051CF41 /* MLNSampleDelegate.h */ = {isa = PBXFileReference; lastKnownFileType = sourcecode.c.h; path = MLNSampleDelegate.h; sourceTree = "<group>"; };
		AE47540817FDD51E001105F8 /* utils.m */ = {isa = PBXFileReference; fileEncoding = 4; lastKnownFileType = sourcecode.c.objc; path = utils.m; sourceTree = "<group>"; };
		AE47540A17FDD5D1001105F8 /* utils.h */ = {isa = PBXFileReference; lastKnownFileType = sourcecode.c.h; path = utils.h; sourceTree = "<group>"; };
		AE48B5AE184554C800F5642E /* MLNMarkerHandler.h */ = {isa = PBXFileReference; fileEncoding = 4; lastKnownFileType = sourcecode.c.h; path = MLNMarkerHandler.h; sourceTree = "<group>"; };
		AE48B5AF184554C800F5642E /* MLNMarkerHandler.m */ = {isa = PBXFileReference; fileEncoding = 4; lastKnownFileType = sourcecode.c.objc; path = MLNMarkerHandler.m; sourceTree = "<group>"; };
		AE4E854317E9E5C9001AECED /* MLNOperationDelegate.h */ = {isa = PBXFileReference; lastKnownFileType = sourcecode.c.h; path = MLNOperationDelegate.h; sourceTree = "<group>"; };
		AE57CA49170F73250043E690 /* MLNSelectionButton.h */ = {isa = PBXFileReference; fileEncoding = 4; lastKnownFileType = sourcecode.c.h; path = MLNSelectionButton.h; sourceTree = "<group>"; };
		AE57CA4A170F73250043E690 /* MLNSelectionButton.m */ = {isa = PBXFileReference; fileEncoding = 4; lastKnownFileType = sourcecode.c.objc; path = MLNSelectionButton.m; sourceTree = "<group>"; };
		AE57CA4C171040AE0043E690 /* MLNSelectionToolbar.h */ = {isa = PBXFileReference; fileEncoding = 4; lastKnownFileType = sourcecode.c.h; path = MLNSelectionToolbar.h; sourceTree = "<group>"; };
		AE57CA4D171040AE0043E690 /* MLNSelectionToolbar.m */ = {isa = PBXFileReference; fileEncoding = 4; lastKnownFileType = sourcecode.c.objc; path = MLNSelectionToolbar.m; sourceTree = "<group>"; };
		AE57CA4F1710EB0A0043E690 /* MLNSelectionAction.h */ = {isa = PBXFileReference; fileEncoding = 4; lastKnownFileType = sourcecode.c.h; path = MLNSelectionAction.h; sourceTree = "<group>"; };
		AE57CA501710EB0A0043E690 /* MLNSelectionAction.m */ = {isa = PBXFileReference; fileEncoding = 4; lastKnownFileType = sourcecode.c.objc; path = MLNSelectionAction.m; sourceTree = "<group>"; };
		AE5AB6AF16E5759E008D0AE4 /* MLNSampleViewDelegate.h */ = {isa = PBXFileReference; lastKnownFileType = sourcecode.c.h; path = MLNSampleViewDelegate.h; sourceTree = "<group>"; };
		AE5AB6CB16EA2DE0008D0AE4 /* MLNSample+Drawing.h */ = {isa = PBXFileReference; fileEncoding = 4; lastKnownFileType = sourcecode.c.h; path = "MLNSample+Drawing.h"; sourceTree = "<group>"; };
		AE5AB6CC16EA2DE0008D0AE4 /* MLNSample+Drawing.m */ = {isa = PBXFileReference; fileEncoding = 4; lastKnownFileType = sourcecode.c.objc; path = "MLNSample+Drawing.m"; sourceTree = "<group>"; };
		AE6A0F3A16BD1F1900362CC4 /* MLNSampleBlock.h */ = {isa = PBXFileReference; fileEncoding = 4; lastKnownFileType = sourcecode.c.h; path = MLNSampleBlock.h; sourceTree = "<group>"; };
		AE6A0F3B16BD1F1900362CC4 /* MLNSampleBlock.m */ = {isa = PBXFileReference; fileEncoding = 4; lastKnownFileType = sourcecode.c.objc; path = MLNSampleBlock.m; sourceTree = "<group>"; };
		AE6FB1D416B8FC9200139735 /* MLNLoadOperationDelegate.h */ = {isa = PBXFileReference; lastKnownFileType = sourcecode.c.h; path = MLNLoadOperationDelegate.h; sourceTree = "<group>"; };
		AE6FB1D616B8FF6E00139735 /* Constants.h */ = {isa = PBXFileReference; fileEncoding = 4; lastKnownFileType = sourcecode.c.h; path = Constants.h; sourceTree = "<group>"; };
		AE6FB1D716B8FF6E00139735 /* Constants.m */ = {isa = PBXFileReference; fileEncoding = 4; lastKnownFileType = sourcecode.c.objc; path = Constants.m; sourceTree = "<group>"; };
		AE6FB1D916B9C57900139735 /* MLNSampleView.h */ = {isa = PBXFileReference; fileEncoding = 4; lastKnownFileType = sourcecode.c.h; path = MLNSampleView.h; sourceTree = "<group>"; };
		AE6FB1DA16B9C57900139735 /* MLNSampleView.m */ = {isa = PBXFileReference; fileEncoding = 4; lastKnownFileType = sourcecode.c.objc; path = MLNSampleView.m; sourceTree = "<group>"; };
		AE7254B0171B7EAC00B48145 /* MLNSampleTests.octest */ = {isa = PBXFileReference; explicitFileType = wrapper.cfbundle; includeInIndex = 0; path = MLNSampleTests.octest; sourceTree = BUILT_PRODUCTS_DIR; };
		AE7254B1171B7EAC00B48145 /* SenTestingKit.framework */ = {isa = PBXFileReference; lastKnownFileType = wrapper.framework; name = SenTestingKit.framework; path = Library/Frameworks/SenTestingKit.framework; sourceTree = DEVELOPER_DIR; };
		AE7254B6171B7EAC00B48145 /* MLNSampleTests-Info.plist */ = {isa = PBXFileReference; lastKnownFileType = text.plist.xml; path = "MLNSampleTests-Info.plist"; sourceTree = "<group>"; };
		AE7254B8171B7EAC00B48145 /* en */ = {isa = PBXFileReference; lastKnownFileType = text.plist.strings; name = en; path = en.lproj/InfoPlist.strings; sourceTree = "<group>"; };
		AE7254BA171B7EAC00B48145 /* MLNSampleTests.h */ = {isa = PBXFileReference; lastKnownFileType = sourcecode.c.h; path = MLNSampleTests.h; sourceTree = "<group>"; };
		AE7254BB171B7EAC00B48145 /* MLNSampleTests.m */ = {isa = PBXFileReference; lastKnownFileType = sourcecode.c.objc; path = MLNSampleTests.m; sourceTree = "<group>"; };
		AE7254BD171B7EAC00B48145 /* MLNSampleTests-Prefix.pch */ = {isa = PBXFileReference; lastKnownFileType = sourcecode.c.h; path = "MLNSampleTests-Prefix.pch"; sourceTree = "<group>"; };
		AE7254E4171E197D00B48145 /* MLNBlockTests.h */ = {isa = PBXFileReference; fileEncoding = 4; lastKnownFileType = sourcecode.c.h; path = MLNBlockTests.h; sourceTree = "<group>"; };
		AE7254E5171E197D00B48145 /* MLNBlockTests.m */ = {isa = PBXFileReference; fileEncoding = 4; lastKnownFileType = sourcecode.c.objc; path = MLNBlockTests.m; sourceTree = "<group>"; };
		AE7254E7171F425700B48145 /* MLNChannelTests.h */ = {isa = PBXFileReference; fileEncoding = 4; lastKnownFileType = sourcecode.c.h; path = MLNChannelTests.h; sourceTree = "<group>"; };
		AE7254E8171F425700B48145 /* MLNChannelTests.m */ = {isa = PBXFileReference; fileEncoding = 4; lastKnownFileType = sourcecode.c.objc; path = MLNChannelTests.m; sourceTree = "<group>"; };
		AE760C09183910D700108327 /* MLNArrayController.h */ = {isa = PBXFileReference; fileEncoding = 4; lastKnownFileType = sourcecode.c.h; path = MLNArrayController.h; sourceTree = "<group>"; };
		AE760C0A183910D700108327 /* MLNArrayController.m */ = {isa = PBXFileReference; fileEncoding = 4; lastKnownFileType = sourcecode.c.objc; path = MLNArrayController.m; sourceTree = "<group>"; };
		AEA174A3184BF052003502DD /* MLNMarkerHandlerDelegate.h */ = {isa = PBXFileReference; lastKnownFileType = sourcecode.c.h; path = MLNMarkerHandlerDelegate.h; sourceTree = "<group>"; };
		AEC19AC517DF5BF200226CD9 /* MLNOverviewBarDelegate.h */ = {isa = PBXFileReference; lastKnownFileType = sourcecode.c.h; path = MLNOverviewBarDelegate.h; sourceTree = "<group>"; };
		AEC19ACA17E141A700226CD9 /* Marlin.iconset */ = {isa = PBXFileReference; lastKnownFileType = folder.iconset; path = Marlin.iconset; sourceTree = "<group>"; };
		AECDE7BD16B7C0C300DE94D5 /* Marlin.app */ = {isa = PBXFileReference; explicitFileType = wrapper.application; includeInIndex = 0; path = Marlin.app; sourceTree = BUILT_PRODUCTS_DIR; };
		AECDE7C116B7C0C300DE94D5 /* Cocoa.framework */ = {isa = PBXFileReference; lastKnownFileType = wrapper.framework; name = Cocoa.framework; path = System/Library/Frameworks/Cocoa.framework; sourceTree = SDKROOT; };
		AECDE7C416B7C0C300DE94D5 /* AppKit.framework */ = {isa = PBXFileReference; lastKnownFileType = wrapper.framework; name = AppKit.framework; path = System/Library/Frameworks/AppKit.framework; sourceTree = SDKROOT; };
		AECDE7C516B7C0C300DE94D5 /* CoreData.framework */ = {isa = PBXFileReference; lastKnownFileType = wrapper.framework; name = CoreData.framework; path = System/Library/Frameworks/CoreData.framework; sourceTree = SDKROOT; };
		AECDE7C616B7C0C300DE94D5 /* Foundation.framework */ = {isa = PBXFileReference; lastKnownFileType = wrapper.framework; name = Foundation.framework; path = System/Library/Frameworks/Foundation.framework; sourceTree = SDKROOT; };
		AECDE7C916B7C0C300DE94D5 /* Marlin-Info.plist */ = {isa = PBXFileReference; lastKnownFileType = text.plist.xml; path = "Marlin-Info.plist"; sourceTree = "<group>"; };
		AECDE7CB16B7C0C300DE94D5 /* en */ = {isa = PBXFileReference; lastKnownFileType = text.plist.strings; name = en; path = en.lproj/InfoPlist.strings; sourceTree = "<group>"; };
		AECDE7CD16B7C0C300DE94D5 /* main.m */ = {isa = PBXFileReference; lastKnownFileType = sourcecode.c.objc; path = main.m; sourceTree = "<group>"; };
		AECDE7CF16B7C0C300DE94D5 /* Marlin-Prefix.pch */ = {isa = PBXFileReference; lastKnownFileType = sourcecode.c.h; path = "Marlin-Prefix.pch"; sourceTree = "<group>"; };
		AECDE7D116B7C0C300DE94D5 /* en */ = {isa = PBXFileReference; lastKnownFileType = text.rtf; name = en; path = en.lproj/Credits.rtf; sourceTree = "<group>"; };
		AECDE7D316B7C0C300DE94D5 /* MLNDocument.h */ = {isa = PBXFileReference; lastKnownFileType = sourcecode.c.h; path = MLNDocument.h; sourceTree = "<group>"; };
		AECDE7D416B7C0C300DE94D5 /* MLNDocument.m */ = {isa = PBXFileReference; lastKnownFileType = sourcecode.c.objc; path = MLNDocument.m; sourceTree = "<group>"; };
		AECDE7D716B7C0C300DE94D5 /* en */ = {isa = PBXFileReference; lastKnownFileType = file.xib; name = en; path = en.lproj/MLNDocument.xib; sourceTree = "<group>"; };
		AECDE7DA16B7C0C300DE94D5 /* en */ = {isa = PBXFileReference; lastKnownFileType = file.xib; name = en; path = en.lproj/MainMenu.xib; sourceTree = "<group>"; };
		AECDE7E116B7C26800DE94D5 /* MLNSample.h */ = {isa = PBXFileReference; fileEncoding = 4; lastKnownFileType = sourcecode.c.h; path = MLNSample.h; sourceTree = "<group>"; };
		AECDE7E216B7C26800DE94D5 /* MLNSample.m */ = {isa = PBXFileReference; fileEncoding = 4; lastKnownFileType = sourcecode.c.objc; path = MLNSample.m; sourceTree = "<group>"; };
		AECDE7E416B7C3B900DE94D5 /* AudioToolbox.framework */ = {isa = PBXFileReference; lastKnownFileType = wrapper.framework; name = AudioToolbox.framework; path = System/Library/Frameworks/AudioToolbox.framework; sourceTree = SDKROOT; };
		AECDE7E616B7D59C00DE94D5 /* MLNLoadOperation.h */ = {isa = PBXFileReference; fileEncoding = 4; lastKnownFileType = sourcecode.c.h; path = MLNLoadOperation.h; sourceTree = "<group>"; };
		AECDE7E716B7D59C00DE94D5 /* MLNLoadOperation.m */ = {isa = PBXFileReference; fileEncoding = 4; lastKnownFileType = sourcecode.c.objc; path = MLNLoadOperation.m; sourceTree = "<group>"; };
		AED56DCD16FD1D73005E2573 /* pa_ringbuffer.c */ = {isa = PBXFileReference; fileEncoding = 4; lastKnownFileType = sourcecode.c.c; path = pa_ringbuffer.c; sourceTree = "<group>"; };
		AED56DCE16FD1D73005E2573 /* pa_ringbuffer.h */ = {isa = PBXFileReference; fileEncoding = 4; lastKnownFileType = sourcecode.c.h; path = pa_ringbuffer.h; sourceTree = "<group>"; };
		AED56DD016FD1D96005E2573 /* pa_memorybarrier.h */ = {isa = PBXFileReference; fileEncoding = 4; lastKnownFileType = sourcecode.c.h; path = pa_memorybarrier.h; sourceTree = "<group>"; };
		AED56DD3170A5406005E2573 /* MLNOverviewBar.h */ = {isa = PBXFileReference; fileEncoding = 4; lastKnownFileType = sourcecode.c.h; path = MLNOverviewBar.h; sourceTree = "<group>"; };
		AED56DD4170A5406005E2573 /* MLNOverviewBar.m */ = {isa = PBXFileReference; fileEncoding = 4; lastKnownFileType = sourcecode.c.objc; path = MLNOverviewBar.m; sourceTree = "<group>"; };
		AEDA842916C88B7F001B2DD1 /* MLNApplicationDelegate.h */ = {isa = PBXFileReference; fileEncoding = 4; lastKnownFileType = sourcecode.c.h; path = MLNApplicationDelegate.h; sourceTree = "<group>"; };
		AEDA842A16C88B7F001B2DD1 /* MLNApplicationDelegate.m */ = {isa = PBXFileReference; fileEncoding = 4; lastKnownFileType = sourcecode.c.objc; path = MLNApplicationDelegate.m; sourceTree = "<group>"; };
		AEDA843116C8D13E001B2DD1 /* MLNMMapRegion.h */ = {isa = PBXFileReference; fileEncoding = 4; lastKnownFileType = sourcecode.c.h; path = MLNMMapRegion.h; sourceTree = "<group>"; };
		AEDA843216C8D13E001B2DD1 /* MLNMMapRegion.m */ = {isa = PBXFileReference; fileEncoding = 4; lastKnownFileType = sourcecode.c.objc; path = MLNMMapRegion.m; sourceTree = "<group>"; };
		AEEE3AA517EB115100578740 /* MLNExportableType.h */ = {isa = PBXFileReference; fileEncoding = 4; lastKnownFileType = sourcecode.c.h; path = MLNExportableType.h; sourceTree = "<group>"; };
		AEEE3AA617EB115100578740 /* MLNExportableType.m */ = {isa = PBXFileReference; fileEncoding = 4; lastKnownFileType = sourcecode.c.objc; path = MLNExportableType.m; sourceTree = "<group>"; };
		AEEE3AA817EB38BB00578740 /* MLNExportableTypeView.h */ = {isa = PBXFileReference; fileEncoding = 4; lastKnownFileType = sourcecode.c.h; path = MLNExportableTypeView.h; sourceTree = "<group>"; };
		AEEE3AA917EB38BB00578740 /* MLNExportableTypeView.m */ = {isa = PBXFileReference; fileEncoding = 4; lastKnownFileType = sourcecode.c.objc; path = MLNExportableTypeView.m; sourceTree = "<group>"; };
		AEEE7E9D17E71B8700ECA24B /* MLNExportPanelController.xib */ = {isa = PBXFileReference; fileEncoding = 4; lastKnownFileType = file.xib; path = MLNExportPanelController.xib; sourceTree = "<group>"; };
		AEEE7EA017E725FA00ECA24B /* MLNExportPanelController.h */ = {isa = PBXFileReference; fileEncoding = 4; lastKnownFileType = sourcecode.c.h; path = MLNExportPanelController.h; sourceTree = "<group>"; };
		AEEE7EA117E725FA00ECA24B /* MLNExportPanelController.m */ = {isa = PBXFileReference; fileEncoding = 4; lastKnownFileType = sourcecode.c.objc; path = MLNExportPanelController.m; sourceTree = "<group>"; };
		AEEE7EA317E7573D00ECA24B /* MLNExportPanelControllerDelegate.h */ = {isa = PBXFileReference; lastKnownFileType = sourcecode.c.h; path = MLNExportPanelControllerDelegate.h; sourceTree = "<group>"; };
		AEEE7EA417E7607F00ECA24B /* MLNExportOperation.h */ = {isa = PBXFileReference; fileEncoding = 4; lastKnownFileType = sourcecode.c.h; path = MLNExportOperation.h; sourceTree = "<group>"; };
		AEEE7EA517E7607F00ECA24B /* MLNExportOperation.m */ = {isa = PBXFileReference; fileEncoding = 4; lastKnownFileType = sourcecode.c.objc; path = MLNExportOperation.m; sourceTree = "<group>"; };
		AEEE7EA717E7642F00ECA24B /* MLNOperation.h */ = {isa = PBXFileReference; fileEncoding = 4; indentWidth = 4; lastKnownFileType = sourcecode.c.h; path = MLNOperation.h; sourceTree = "<group>"; tabWidth = 4; usesTabs = 0; wrapsLines = 1; };
		AEEE7EA817E7642F00ECA24B /* MLNOperation.m */ = {isa = PBXFileReference; fileEncoding = 4; indentWidth = 4; lastKnownFileType = sourcecode.c.objc; path = MLNOperation.m; sourceTree = "<group>"; tabWidth = 4; usesTabs = 0; wrapsLines = 1; };
/* End PBXFileReference section */

/* Begin PBXFrameworksBuildPhase section */
		AE7254AC171B7EAC00B48145 /* Frameworks */ = {
			isa = PBXFrameworksBuildPhase;
			buildActionMask = 2147483647;
			files = (
				AE7254B2171B7EAC00B48145 /* SenTestingKit.framework in Frameworks */,
				AE7254B3171B7EAC00B48145 /* Cocoa.framework in Frameworks */,
			);
			runOnlyForDeploymentPostprocessing = 0;
		};
		AECDE7BA16B7C0C300DE94D5 /* Frameworks */ = {
			isa = PBXFrameworksBuildPhase;
			buildActionMask = 2147483647;
			files = (
				AECDE7E516B7C3B900DE94D5 /* AudioToolbox.framework in Frameworks */,
				AECDE7C216B7C0C300DE94D5 /* Cocoa.framework in Frameworks */,
			);
			runOnlyForDeploymentPostprocessing = 0;
		};
/* End PBXFrameworksBuildPhase section */

/* Begin PBXGroup section */
		AE298D6916F7CC720031334A /* Lumberjack */ = {
			isa = PBXGroup;
			children = (
				AE298D6A16F7CC720031334A /* DDAbstractDatabaseLogger.h */,
				AE298D6B16F7CC720031334A /* DDAbstractDatabaseLogger.m */,
				AE298D6C16F7CC720031334A /* DDASLLogger.h */,
				AE298D6D16F7CC720031334A /* DDASLLogger.m */,
				AE298D6E16F7CC720031334A /* DDFileLogger.h */,
				AE298D6F16F7CC720031334A /* DDFileLogger.m */,
				AE298D7016F7CC720031334A /* DDLog.h */,
				AE298D7116F7CC720031334A /* DDLog.m */,
				AE298D7216F7CC720031334A /* DDTTYLogger.h */,
				AE298D7316F7CC720031334A /* DDTTYLogger.m */,
				AE298D7416F7CC720031334A /* Extensions */,
			);
			path = Lumberjack;
			sourceTree = "<group>";
		};
		AE298D7416F7CC720031334A /* Extensions */ = {
			isa = PBXGroup;
			children = (
				AE298D7516F7CC720031334A /* ContextFilterLogFormatter.h */,
				AE298D7616F7CC720031334A /* ContextFilterLogFormatter.m */,
				AE298D7716F7CC720031334A /* DispatchQueueLogFormatter.h */,
				AE298D7816F7CC720031334A /* DispatchQueueLogFormatter.m */,
				AE298D7916F7CC720031334A /* README.txt */,
			);
			path = Extensions;
			sourceTree = "<group>";
		};
		AE5AB6C916E93623008D0AE4 /* External Sources */ = {
			isa = PBXGroup;
			children = (
				AED56DD116FD1E95005E2573 /* Portaudio */,
				AE298D6916F7CC720031334A /* Lumberjack */,
			);
			name = "External Sources";
			sourceTree = "<group>";
		};
		AE7254B4171B7EAC00B48145 /* MLNSampleTests */ = {
			isa = PBXGroup;
			children = (
				AE7254BA171B7EAC00B48145 /* MLNSampleTests.h */,
				AE7254BB171B7EAC00B48145 /* MLNSampleTests.m */,
				AE7254E7171F425700B48145 /* MLNChannelTests.h */,
				AE7254E8171F425700B48145 /* MLNChannelTests.m */,
				AE7254E4171E197D00B48145 /* MLNBlockTests.h */,
				AE7254E5171E197D00B48145 /* MLNBlockTests.m */,
				AE7254B5171B7EAC00B48145 /* Supporting Files */,
			);
			path = MLNSampleTests;
			sourceTree = "<group>";
		};
		AE7254B5171B7EAC00B48145 /* Supporting Files */ = {
			isa = PBXGroup;
			children = (
				AE7254B6171B7EAC00B48145 /* MLNSampleTests-Info.plist */,
				AE7254B7171B7EAC00B48145 /* InfoPlist.strings */,
				AE7254BD171B7EAC00B48145 /* MLNSampleTests-Prefix.pch */,
			);
			name = "Supporting Files";
			sourceTree = "<group>";
		};
		AEC19AC617E0B69500226CD9 /* XIB */ = {
			isa = PBXGroup;
			children = (
				AEEE7E9D17E71B8700ECA24B /* MLNExportPanelController.xib */,
				AE24E45A17E1D14F00B67469 /* MLNProgressViewController.xib */,
				AECDE7D616B7C0C300DE94D5 /* MLNDocument.xib */,
				AECDE7D916B7C0C300DE94D5 /* MainMenu.xib */,
			);
			name = XIB;
			sourceTree = "<group>";
		};
		AEC19AC717E13F9200226CD9 /* Images */ = {
			isa = PBXGroup;
			children = (
				AEC19ACA17E141A700226CD9 /* Marlin.iconset */,
			);
			name = Images;
			sourceTree = "<group>";
		};
		AECDE7B216B7C0C300DE94D5 = {
			isa = PBXGroup;
			children = (
				AECDE7C716B7C0C300DE94D5 /* Marlin */,
				AE7254B4171B7EAC00B48145 /* MLNSampleTests */,
				AECDE7C016B7C0C300DE94D5 /* Frameworks */,
				AECDE7BE16B7C0C300DE94D5 /* Products */,
			);
			sourceTree = "<group>";
		};
		AECDE7BE16B7C0C300DE94D5 /* Products */ = {
			isa = PBXGroup;
			children = (
				AECDE7BD16B7C0C300DE94D5 /* Marlin.app */,
				AE7254B0171B7EAC00B48145 /* MLNSampleTests.octest */,
			);
			name = Products;
			sourceTree = "<group>";
		};
		AECDE7C016B7C0C300DE94D5 /* Frameworks */ = {
			isa = PBXGroup;
			children = (
				AECDE7E416B7C3B900DE94D5 /* AudioToolbox.framework */,
				AECDE7C116B7C0C300DE94D5 /* Cocoa.framework */,
				AE7254B1171B7EAC00B48145 /* SenTestingKit.framework */,
				AECDE7C316B7C0C300DE94D5 /* Other Frameworks */,
			);
			name = Frameworks;
			sourceTree = "<group>";
		};
		AECDE7C316B7C0C300DE94D5 /* Other Frameworks */ = {
			isa = PBXGroup;
			children = (
				AECDE7C416B7C0C300DE94D5 /* AppKit.framework */,
				AECDE7C516B7C0C300DE94D5 /* CoreData.framework */,
				AECDE7C616B7C0C300DE94D5 /* Foundation.framework */,
			);
			name = "Other Frameworks";
			sourceTree = "<group>";
		};
		AECDE7C716B7C0C300DE94D5 /* Marlin */ = {
			isa = PBXGroup;
			children = (
				AEDA842916C88B7F001B2DD1 /* MLNApplicationDelegate.h */,
				AEDA842A16C88B7F001B2DD1 /* MLNApplicationDelegate.m */,
				AE071B87172B542A0089278E /* MLNPasteboardSampleData.h */,
				AE071B88172B542A0089278E /* MLNPasteboardSampleData.m */,
				AE760C09183910D700108327 /* MLNArrayController.h */,
				AE760C0A183910D700108327 /* MLNArrayController.m */,
				AE2E4435172333B8005463FB /* MLNCacheFile.h */,
				AE2E4436172333B8005463FB /* MLNCacheFile.m */,
				AECDE7D316B7C0C300DE94D5 /* MLNDocument.h */,
				AECDE7D416B7C0C300DE94D5 /* MLNDocument.m */,
				AEEE7EA017E725FA00ECA24B /* MLNExportPanelController.h */,
				AEEE7EA117E725FA00ECA24B /* MLNExportPanelController.m */,
				AEEE3AA517EB115100578740 /* MLNExportableType.h */,
				AEEE3AA617EB115100578740 /* MLNExportableType.m */,
				AEEE3AA817EB38BB00578740 /* MLNExportableTypeView.h */,
				AEEE3AA917EB38BB00578740 /* MLNExportableTypeView.m */,
				AEEE7EA317E7573D00ECA24B /* MLNExportPanelControllerDelegate.h */,
				AE24E45817E1D14F00B67469 /* MLNProgressViewController.h */,
				AE24E45917E1D14F00B67469 /* MLNProgressViewController.m */,
				AED56DD3170A5406005E2573 /* MLNOverviewBar.h */,
				AED56DD4170A5406005E2573 /* MLNOverviewBar.m */,
				AEC19AC517DF5BF200226CD9 /* MLNOverviewBarDelegate.h */,
				AECDE7E116B7C26800DE94D5 /* MLNSample.h */,
				AECDE7E216B7C26800DE94D5 /* MLNSample.m */,
				AE31A9CA16F28D3E0051CF41 /* MLNSampleDelegate.h */,
				AE5AB6CB16EA2DE0008D0AE4 /* MLNSample+Drawing.h */,
				AE5AB6CC16EA2DE0008D0AE4 /* MLNSample+Drawing.m */,
				AE31A9C716F146ED0051CF41 /* MLNSample+Operations.h */,
				AE31A9C816F146ED0051CF41 /* MLNSample+Operations.m */,
				AE6A0F3A16BD1F1900362CC4 /* MLNSampleBlock.h */,
				AE6A0F3B16BD1F1900362CC4 /* MLNSampleBlock.m */,
				AE05C60116C246DF00A7B9D9 /* MLNSampleChannel.h */,
				AE05C60216C246DF00A7B9D9 /* MLNSampleChannel.m */,
				AEDA843116C8D13E001B2DD1 /* MLNMMapRegion.h */,
				AEDA843216C8D13E001B2DD1 /* MLNMMapRegion.m */,
				AE6FB1D916B9C57900139735 /* MLNSampleView.h */,
				AE6FB1DA16B9C57900139735 /* MLNSampleView.m */,
				AE48B5AE184554C800F5642E /* MLNMarkerHandler.h */,
				AE48B5AF184554C800F5642E /* MLNMarkerHandler.m */,
				AEA174A3184BF052003502DD /* MLNMarkerHandlerDelegate.h */,
				AE5AB6AF16E5759E008D0AE4 /* MLNSampleViewDelegate.h */,
				AE57CA4F1710EB0A0043E690 /* MLNSelectionAction.h */,
				AE57CA501710EB0A0043E690 /* MLNSelectionAction.m */,
				AE57CA49170F73250043E690 /* MLNSelectionButton.h */,
				AE57CA4A170F73250043E690 /* MLNSelectionButton.m */,
				AE57CA4C171040AE0043E690 /* MLNSelectionToolbar.h */,
				AE57CA4D171040AE0043E690 /* MLNSelectionToolbar.m */,
				AEEE7EA717E7642F00ECA24B /* MLNOperation.h */,
				AEEE7EA817E7642F00ECA24B /* MLNOperation.m */,
				AE4E854317E9E5C9001AECED /* MLNOperationDelegate.h */,
				AECDE7E616B7D59C00DE94D5 /* MLNLoadOperation.h */,
				AECDE7E716B7D59C00DE94D5 /* MLNLoadOperation.m */,
				AE6FB1D416B8FC9200139735 /* MLNLoadOperationDelegate.h */,
				AEEE7EA417E7607F00ECA24B /* MLNExportOperation.h */,
				AEEE7EA517E7607F00ECA24B /* MLNExportOperation.m */,
				AE1A2F651833CDC10012E510 /* MLNMarker.h */,
				AE1A2F661833CDC10012E510 /* MLNMarker.m */,
				AE6FB1D616B8FF6E00139735 /* Constants.h */,
				AE6FB1D716B8FF6E00139735 /* Constants.m */,
				AE47540817FDD51E001105F8 /* utils.m */,
				AE47540A17FDD5D1001105F8 /* utils.h */,
				AEC19AC617E0B69500226CD9 /* XIB */,
				AE5AB6C916E93623008D0AE4 /* External Sources */,
				AECDE7C816B7C0C300DE94D5 /* Supporting Files */,
				AEC19AC717E13F9200226CD9 /* Images */,
			);
			path = Marlin;
			sourceTree = "<group>";
		};
		AECDE7C816B7C0C300DE94D5 /* Supporting Files */ = {
			isa = PBXGroup;
			children = (
				AECDE7C916B7C0C300DE94D5 /* Marlin-Info.plist */,
				AECDE7CA16B7C0C300DE94D5 /* InfoPlist.strings */,
				AECDE7CD16B7C0C300DE94D5 /* main.m */,
				AECDE7CF16B7C0C300DE94D5 /* Marlin-Prefix.pch */,
				AECDE7D016B7C0C300DE94D5 /* Credits.rtf */,
				AE24E45E17E221C400B67469 /* auto-version.pl */,
			);
			name = "Supporting Files";
			sourceTree = "<group>";
		};
		AED56DD116FD1E95005E2573 /* Portaudio */ = {
			isa = PBXGroup;
			children = (
				AED56DCD16FD1D73005E2573 /* pa_ringbuffer.c */,
				AED56DCE16FD1D73005E2573 /* pa_ringbuffer.h */,
				AED56DD016FD1D96005E2573 /* pa_memorybarrier.h */,
			);
			name = Portaudio;
			sourceTree = "<group>";
		};
/* End PBXGroup section */

/* Begin PBXNativeTarget section */
		AE7254AF171B7EAC00B48145 /* MLNSampleTests */ = {
			isa = PBXNativeTarget;
			buildConfigurationList = AE7254C0171B7EAC00B48145 /* Build configuration list for PBXNativeTarget "MLNSampleTests" */;
			buildPhases = (
				AE7254AB171B7EAC00B48145 /* Sources */,
				AE7254AC171B7EAC00B48145 /* Frameworks */,
				AE7254AD171B7EAC00B48145 /* Resources */,
				AE7254AE171B7EAC00B48145 /* ShellScript */,
			);
			buildRules = (
			);
			dependencies = (
				AE7254E3171E08CF00B48145 /* PBXTargetDependency */,
			);
			name = MLNSampleTests;
			productName = MLNSampleTests;
			productReference = AE7254B0171B7EAC00B48145 /* MLNSampleTests.octest */;
			productType = "com.apple.product-type.bundle";
		};
		AECDE7BC16B7C0C300DE94D5 /* Marlin */ = {
			isa = PBXNativeTarget;
			buildConfigurationList = AECDE7DE16B7C0C300DE94D5 /* Build configuration list for PBXNativeTarget "Marlin" */;
			buildPhases = (
				AECDE7B916B7C0C300DE94D5 /* Sources */,
				AECDE7BA16B7C0C300DE94D5 /* Frameworks */,
				AECDE7BB16B7C0C300DE94D5 /* Resources */,
				AE24E45D17E2219B00B67469 /* ShellScript */,
			);
			buildRules = (
			);
			dependencies = (
			);
			name = Marlin;
			productName = Marlin;
			productReference = AECDE7BD16B7C0C300DE94D5 /* Marlin.app */;
			productType = "com.apple.product-type.application";
		};
/* End PBXNativeTarget section */

/* Begin PBXProject section */
		AECDE7B416B7C0C300DE94D5 /* Project object */ = {
			isa = PBXProject;
			attributes = {
				CLASSPREFIX = MLN;
				LastUpgradeCheck = 0500;
				ORGANIZATIONNAME = iain;
			};
			buildConfigurationList = AECDE7B716B7C0C300DE94D5 /* Build configuration list for PBXProject "Marlin" */;
			compatibilityVersion = "Xcode 3.2";
			developmentRegion = English;
			hasScannedForEncodings = 0;
			knownRegions = (
				en,
			);
			mainGroup = AECDE7B216B7C0C300DE94D5;
			productRefGroup = AECDE7BE16B7C0C300DE94D5 /* Products */;
			projectDirPath = "";
			projectRoot = "";
			targets = (
				AECDE7BC16B7C0C300DE94D5 /* Marlin */,
				AE7254AF171B7EAC00B48145 /* MLNSampleTests */,
			);
		};
/* End PBXProject section */

/* Begin PBXResourcesBuildPhase section */
		AE7254AD171B7EAC00B48145 /* Resources */ = {
			isa = PBXResourcesBuildPhase;
			buildActionMask = 2147483647;
			files = (
				AE7254B9171B7EAC00B48145 /* InfoPlist.strings in Resources */,
			);
			runOnlyForDeploymentPostprocessing = 0;
		};
		AECDE7BB16B7C0C300DE94D5 /* Resources */ = {
			isa = PBXResourcesBuildPhase;
			buildActionMask = 2147483647;
			files = (
				AECDE7CC16B7C0C300DE94D5 /* InfoPlist.strings in Resources */,
				AECDE7D216B7C0C300DE94D5 /* Credits.rtf in Resources */,
				AECDE7D816B7C0C300DE94D5 /* MLNDocument.xib in Resources */,
				AECDE7DB16B7C0C300DE94D5 /* MainMenu.xib in Resources */,
				AE298D8116F7CC720031334A /* README.txt in Resources */,
				AEC19ACB17E141A700226CD9 /* Marlin.iconset in Resources */,
				AE24E45C17E1D14F00B67469 /* MLNProgressViewController.xib in Resources */,
				AE24E45F17E221C400B67469 /* auto-version.pl in Resources */,
				AEEE7E9F17E71B8700ECA24B /* MLNExportPanelController.xib in Resources */,
			);
			runOnlyForDeploymentPostprocessing = 0;
		};
/* End PBXResourcesBuildPhase section */

/* Begin PBXShellScriptBuildPhase section */
		AE24E45D17E2219B00B67469 /* ShellScript */ = {
			isa = PBXShellScriptBuildPhase;
			buildActionMask = 2147483647;
			files = (
			);
			inputPaths = (
			);
			outputPaths = (
			);
			runOnlyForDeploymentPostprocessing = 0;
			shellPath = /bin/sh;
			shellScript = "#if [ ${CONFIGURATION} != \"Debug\" ]\n#then\n/usr/bin/perl \"${PROJECT_DIR}/Marlin/auto-version.pl\" \"${PRODUCT_NAME}\" \"${PROJECT_DIR}\"\n#fi";
		};
		AE7254AE171B7EAC00B48145 /* ShellScript */ = {
			isa = PBXShellScriptBuildPhase;
			buildActionMask = 2147483647;
			files = (
			);
			inputPaths = (
			);
			outputPaths = (
			);
			runOnlyForDeploymentPostprocessing = 0;
			shellPath = /bin/sh;
			shellScript = "# Run the unit tests in this test bundle.\n\"${SYSTEM_DEVELOPER_DIR}/Tools/RunUnitTests\"\n";
		};
/* End PBXShellScriptBuildPhase section */

/* Begin PBXSourcesBuildPhase section */
		AE7254AB171B7EAC00B48145 /* Sources */ = {
			isa = PBXSourcesBuildPhase;
			buildActionMask = 2147483647;
			files = (
				AE7254E6171E197D00B48145 /* MLNBlockTests.m in Sources */,
				AE7254E9171F425700B48145 /* MLNChannelTests.m in Sources */,
				AE7254BC171B7EAC00B48145 /* MLNSampleTests.m in Sources */,
			);
			runOnlyForDeploymentPostprocessing = 0;
		};
		AECDE7B916B7C0C300DE94D5 /* Sources */ = {
			isa = PBXSourcesBuildPhase;
			buildActionMask = 2147483647;
			files = (
				AECDE7CE16B7C0C300DE94D5 /* main.m in Sources */,
				AECDE7D516B7C0C300DE94D5 /* MLNDocument.m in Sources */,
				AECDE7E316B7C26800DE94D5 /* MLNSample.m in Sources */,
				AECDE7E816B7D59C00DE94D5 /* MLNLoadOperation.m in Sources */,
				AE6FB1D816B8FF6E00139735 /* Constants.m in Sources */,
				AE6FB1DB16B9C57900139735 /* MLNSampleView.m in Sources */,
				AE6A0F3C16BD1F1900362CC4 /* MLNSampleBlock.m in Sources */,
				AE05C60316C246DF00A7B9D9 /* MLNSampleChannel.m in Sources */,
				AEDA842B16C88B7F001B2DD1 /* MLNApplicationDelegate.m in Sources */,
				AEDA843316C8D13E001B2DD1 /* MLNMMapRegion.m in Sources */,
				AE5AB6CD16EA2DE0008D0AE4 /* MLNSample+Drawing.m in Sources */,
				AE31A9C916F146ED0051CF41 /* MLNSample+Operations.m in Sources */,
				AE48B5B0184554C800F5642E /* MLNMarkerHandler.m in Sources */,
				AEEE3AAA17EB38BB00578740 /* MLNExportableTypeView.m in Sources */,
				AE298D7A16F7CC720031334A /* DDAbstractDatabaseLogger.m in Sources */,
				AE298D7B16F7CC720031334A /* DDASLLogger.m in Sources */,
				AEEE3AA717EB115100578740 /* MLNExportableType.m in Sources */,
				AE298D7C16F7CC720031334A /* DDFileLogger.m in Sources */,
				AE298D7D16F7CC720031334A /* DDLog.m in Sources */,
				AE298D7E16F7CC720031334A /* DDTTYLogger.m in Sources */,
				AE298D7F16F7CC720031334A /* ContextFilterLogFormatter.m in Sources */,
				AE298D8016F7CC720031334A /* DispatchQueueLogFormatter.m in Sources */,
				AED56DCF16FD1D73005E2573 /* pa_ringbuffer.c in Sources */,
				AED56DD5170A5406005E2573 /* MLNOverviewBar.m in Sources */,
				AE57CA4B170F73250043E690 /* MLNSelectionButton.m in Sources */,
				AE57CA4E171040AE0043E690 /* MLNSelectionToolbar.m in Sources */,
				AE57CA511710EB0A0043E690 /* MLNSelectionAction.m in Sources */,
				AE2E4437172333B8005463FB /* MLNCacheFile.m in Sources */,
				AE071B89172B542A0089278E /* MLNPasteboardSampleData.m in Sources */,
				AE760C0B183910D700108327 /* MLNArrayController.m in Sources */,
				AE24E45B17E1D14F00B67469 /* MLNProgressViewController.m in Sources */,
				AE1A2F671833CDC10012E510 /* MLNMarker.m in Sources */,
				AEEE7EA217E725FA00ECA24B /* MLNExportPanelController.m in Sources */,
				AE47540917FDD51E001105F8 /* utils.m in Sources */,
				AEEE7EA617E7607F00ECA24B /* MLNExportOperation.m in Sources */,
				AEEE7EA917E7642F00ECA24B /* MLNOperation.m in Sources */,
			);
			runOnlyForDeploymentPostprocessing = 0;
		};
/* End PBXSourcesBuildPhase section */

/* Begin PBXTargetDependency section */
		AE7254E3171E08CF00B48145 /* PBXTargetDependency */ = {
			isa = PBXTargetDependency;
			target = AECDE7BC16B7C0C300DE94D5 /* Marlin */;
			targetProxy = AE7254E2171E08CF00B48145 /* PBXContainerItemProxy */;
		};
/* End PBXTargetDependency section */

/* Begin PBXVariantGroup section */
		AE7254B7171B7EAC00B48145 /* InfoPlist.strings */ = {
			isa = PBXVariantGroup;
			children = (
				AE7254B8171B7EAC00B48145 /* en */,
			);
			name = InfoPlist.strings;
			sourceTree = "<group>";
		};
		AECDE7CA16B7C0C300DE94D5 /* InfoPlist.strings */ = {
			isa = PBXVariantGroup;
			children = (
				AECDE7CB16B7C0C300DE94D5 /* en */,
			);
			name = InfoPlist.strings;
			sourceTree = "<group>";
		};
		AECDE7D016B7C0C300DE94D5 /* Credits.rtf */ = {
			isa = PBXVariantGroup;
			children = (
				AECDE7D116B7C0C300DE94D5 /* en */,
			);
			name = Credits.rtf;
			sourceTree = "<group>";
		};
		AECDE7D616B7C0C300DE94D5 /* MLNDocument.xib */ = {
			isa = PBXVariantGroup;
			children = (
				AECDE7D716B7C0C300DE94D5 /* en */,
			);
			name = MLNDocument.xib;
			sourceTree = "<group>";
		};
		AECDE7D916B7C0C300DE94D5 /* MainMenu.xib */ = {
			isa = PBXVariantGroup;
			children = (
				AECDE7DA16B7C0C300DE94D5 /* en */,
			);
			name = MainMenu.xib;
			sourceTree = "<group>";
		};
/* End PBXVariantGroup section */

/* Begin XCBuildConfiguration section */
		AE7254BE171B7EAC00B48145 /* Debug */ = {
			isa = XCBuildConfiguration;
			buildSettings = {
				BUNDLE_LOADER = "$(BUILT_PRODUCTS_DIR)/Marlin.app/Contents/MacOS/Marlin";
				CLANG_WARN_CONSTANT_CONVERSION = YES;
				CLANG_WARN_ENUM_CONVERSION = YES;
				CLANG_WARN_INT_CONVERSION = YES;
				COMBINE_HIDPI_IMAGES = YES;
				FRAMEWORK_SEARCH_PATHS = "\"$(DEVELOPER_LIBRARY_DIR)/Frameworks\"";
				GCC_PRECOMPILE_PREFIX_HEADER = YES;
				GCC_PREFIX_HEADER = "MLNSampleTests/MLNSampleTests-Prefix.pch";
				INFOPLIST_FILE = "MLNSampleTests/MLNSampleTests-Info.plist";
				PRODUCT_NAME = "$(TARGET_NAME)";
				TEST_HOST = "$(BUNDLE_LOADER)";
				WRAPPER_EXTENSION = octest;
			};
			name = Debug;
		};
		AE7254BF171B7EAC00B48145 /* Release */ = {
			isa = XCBuildConfiguration;
			buildSettings = {
				BUNDLE_LOADER = "$(BUILT_PRODUCTS_DIR)/Marlin.app/Contents/MacOS/Marlin";
				CLANG_WARN_CONSTANT_CONVERSION = YES;
				CLANG_WARN_ENUM_CONVERSION = YES;
				CLANG_WARN_INT_CONVERSION = YES;
				COMBINE_HIDPI_IMAGES = YES;
				FRAMEWORK_SEARCH_PATHS = "\"$(DEVELOPER_LIBRARY_DIR)/Frameworks\"";
				GCC_PRECOMPILE_PREFIX_HEADER = YES;
				GCC_PREFIX_HEADER = "MLNSampleTests/MLNSampleTests-Prefix.pch";
				INFOPLIST_FILE = "MLNSampleTests/MLNSampleTests-Info.plist";
				PRODUCT_NAME = "$(TARGET_NAME)";
				TEST_HOST = "$(BUNDLE_LOADER)";
				WRAPPER_EXTENSION = octest;
			};
			name = Release;
		};
		AECDE7DC16B7C0C300DE94D5 /* Debug */ = {
			isa = XCBuildConfiguration;
			buildSettings = {
				ALWAYS_SEARCH_USER_PATHS = NO;
				CLANG_CXX_LANGUAGE_STANDARD = "gnu++0x";
				CLANG_CXX_LIBRARY = "libc++";
				CLANG_ENABLE_OBJC_ARC = YES;
				CLANG_WARN_EMPTY_BODY = YES;
				CLANG_WARN__DUPLICATE_METHOD_MATCH = YES;
				COPY_PHASE_STRIP = NO;
				GCC_C_LANGUAGE_STANDARD = gnu99;
				GCC_DYNAMIC_NO_PIC = NO;
				GCC_ENABLE_OBJC_EXCEPTIONS = YES;
				GCC_OPTIMIZATION_LEVEL = 0;
				GCC_PREPROCESSOR_DEFINITIONS = (
					"DEBUG=1",
					"$(inherited)",
				);
				GCC_SYMBOLS_PRIVATE_EXTERN = NO;
				GCC_WARN_64_TO_32_BIT_CONVERSION = YES;
				GCC_WARN_ABOUT_RETURN_TYPE = YES;
				GCC_WARN_UNINITIALIZED_AUTOS = YES;
				GCC_WARN_UNUSED_VARIABLE = YES;
				MACOSX_DEPLOYMENT_TARGET = 10.8;
				ONLY_ACTIVE_ARCH = YES;
				SDKROOT = macosx;
			};
			name = Debug;
		};
		AECDE7DD16B7C0C300DE94D5 /* Release */ = {
			isa = XCBuildConfiguration;
			buildSettings = {
				ALWAYS_SEARCH_USER_PATHS = NO;
				CLANG_CXX_LANGUAGE_STANDARD = "gnu++0x";
				CLANG_CXX_LIBRARY = "libc++";
				CLANG_ENABLE_OBJC_ARC = YES;
				CLANG_WARN_EMPTY_BODY = YES;
				CLANG_WARN__DUPLICATE_METHOD_MATCH = YES;
				COPY_PHASE_STRIP = YES;
				DEBUG_INFORMATION_FORMAT = "dwarf-with-dsym";
				GCC_C_LANGUAGE_STANDARD = gnu99;
				GCC_ENABLE_OBJC_EXCEPTIONS = YES;
				GCC_WARN_64_TO_32_BIT_CONVERSION = YES;
				GCC_WARN_ABOUT_RETURN_TYPE = YES;
				GCC_WARN_UNINITIALIZED_AUTOS = YES;
				GCC_WARN_UNUSED_VARIABLE = YES;
				MACOSX_DEPLOYMENT_TARGET = 10.8;
				SDKROOT = macosx;
			};
			name = Release;
		};
		AECDE7DF16B7C0C300DE94D5 /* Debug */ = {
			isa = XCBuildConfiguration;
			buildSettings = {
				COMBINE_HIDPI_IMAGES = YES;
				GCC_PRECOMPILE_PREFIX_HEADER = YES;
				GCC_PREFIX_HEADER = "Marlin/Marlin-Prefix.pch";
				INFOPLIST_FILE = "Marlin/Marlin-Info.plist";
				PRODUCT_NAME = "$(TARGET_NAME)";
				WRAPPER_EXTENSION = app;
			};
			name = Debug;
		};
		AECDE7E016B7C0C300DE94D5 /* Release */ = {
			isa = XCBuildConfiguration;
			buildSettings = {
				COMBINE_HIDPI_IMAGES = YES;
				GCC_PRECOMPILE_PREFIX_HEADER = YES;
				GCC_PREFIX_HEADER = "Marlin/Marlin-Prefix.pch";
				INFOPLIST_FILE = "Marlin/Marlin-Info.plist";
				PRODUCT_NAME = "$(TARGET_NAME)";
				WRAPPER_EXTENSION = app;
			};
			name = Release;
		};
/* End XCBuildConfiguration section */

/* Begin XCConfigurationList section */
		AE7254C0171B7EAC00B48145 /* Build configuration list for PBXNativeTarget "MLNSampleTests" */ = {
			isa = XCConfigurationList;
			buildConfigurations = (
				AE7254BE171B7EAC00B48145 /* Debug */,
				AE7254BF171B7EAC00B48145 /* Release */,
			);
			defaultConfigurationIsVisible = 0;
			defaultConfigurationName = Release;
		};
		AECDE7B716B7C0C300DE94D5 /* Build configuration list for PBXProject "Marlin" */ = {
			isa = XCConfigurationList;
			buildConfigurations = (
				AECDE7DC16B7C0C300DE94D5 /* Debug */,
				AECDE7DD16B7C0C300DE94D5 /* Release */,
			);
			defaultConfigurationIsVisible = 0;
			defaultConfigurationName = Release;
		};
		AECDE7DE16B7C0C300DE94D5 /* Build configuration list for PBXNativeTarget "Marlin" */ = {
			isa = XCConfigurationList;
			buildConfigurations = (
				AECDE7DF16B7C0C300DE94D5 /* Debug */,
				AECDE7E016B7C0C300DE94D5 /* Release */,
			);
			defaultConfigurationIsVisible = 0;
			defaultConfigurationName = Release;
		};
/* End XCConfigurationList section */
	};
	rootObject = AECDE7B416B7C0C300DE94D5 /* Project object */;
}
